
Microsoft Visual Studio Solution File, Format Version 12.00
# Visual Studio Version 17
VisualStudioVersion = 17.7.34031.279
MinimumVisualStudioVersion = 10.0.40219.1
Project("{FAE04EC0-301F-11D3-BF4B-00C04F79EFBC}") = "Week4Practice5", "Week4Practice5\Week4Practice5.csproj", "{9F95A192-DC87-4C24-8007-1E66A12054E3}"
EndProject
Global
	GlobalSection(SolutionConfigurationPlatforms) = preSolution
		Debug|Any CPU = Debug|Any CPU
		Release|Any CPU = Release|Any CPU
	EndGlobalSection
	GlobalSection(ProjectConfigurationPlatforms) = postSolution
		{9F95A192-DC87-4C24-8007-1E66A12054E3}.Debug|Any CPU.ActiveCfg = Debug|Any CPU
		{9F95A192-DC87-4C24-8007-1E66A12054E3}.Debug|Any CPU.Build.0 = Debug|Any CPU
		{9F95A192-DC87-4C24-8007-1E66A12054E3}.Release|Any CPU.ActiveCfg = Release|Any CPU
		{9F95A192-DC87-4C24-8007-1E66A12054E3}.Release|Any CPU.Build.0 = Release|Any CPU
	EndGlobalSection
	GlobalSection(SolutionProperties) = preSolution
		HideSolutionNode = FALSE
	EndGlobalSection
	GlobalSection(ExtensibilityGlobals) = postSolution
		SolutionGuid = {2BF34E51-9BF4-4349-979E-8E88A23A5C05}
	EndGlobalSection
EndGlobal
